// !$*UTF8*$!
{
	archiveVersion = 1;
	classes = {
	};
	objectVersion = 48;
	objects = {

/* Begin PBXBuildFile section */
		D6166C6620013B25006024AD /* AppDelegate.swift in Sources */ = {isa = PBXBuildFile; fileRef = D6166C6520013B25006024AD /* AppDelegate.swift */; };
		D6166C6D20013B25006024AD /* Assets.xcassets in Resources */ = {isa = PBXBuildFile; fileRef = D6166C6C20013B25006024AD /* Assets.xcassets */; };
		D6166C7020013B25006024AD /* LaunchScreen.storyboard in Resources */ = {isa = PBXBuildFile; fileRef = D6166C6E20013B25006024AD /* LaunchScreen.storyboard */; };
		D6166C7A20013EC4006024AD /* Coordinating.swift in Sources */ = {isa = PBXBuildFile; fileRef = D6166C7920013EC4006024AD /* Coordinating.swift */; };
		D6166C7D20014FE9006024AD /* InitialViewController.swift in Sources */ = {isa = PBXBuildFile; fileRef = D6166C7B20014FE9006024AD /* InitialViewController.swift */; };
		D6166C7E20014FE9006024AD /* InitialViewController.xib in Resources */ = {isa = PBXBuildFile; fileRef = D6166C7C20014FE9006024AD /* InitialViewController.xib */; };
		D6166C8320015C25006024AD /* InitialCoordinator.swift in Sources */ = {isa = PBXBuildFile; fileRef = D6166C8220015C25006024AD /* InitialCoordinator.swift */; };
		D6166C852001639C006024AD /* InitialViewModel.swift in Sources */ = {isa = PBXBuildFile; fileRef = D6166C842001639C006024AD /* InitialViewModel.swift */; };
		D6166C882001648F006024AD /* UIResponder+Extension.swift in Sources */ = {isa = PBXBuildFile; fileRef = D6166C872001648F006024AD /* UIResponder+Extension.swift */; };
		D6166C8C20016FBE006024AD /* DrawerViewController.swift in Sources */ = {isa = PBXBuildFile; fileRef = D6166C8A20016FBE006024AD /* DrawerViewController.swift */; };
		D6166C8D20016FBE006024AD /* DrawerViewController.xib in Resources */ = {isa = PBXBuildFile; fileRef = D6166C8B20016FBE006024AD /* DrawerViewController.xib */; };
		D6166C8F20016FD5006024AD /* DrawerViewModel.swift in Sources */ = {isa = PBXBuildFile; fileRef = D6166C8E20016FD5006024AD /* DrawerViewModel.swift */; };
		D6166C9120017232006024AD /* DrawerCoordinator.swift in Sources */ = {isa = PBXBuildFile; fileRef = D6166C9020017232006024AD /* DrawerCoordinator.swift */; };
		D6166C942001759D006024AD /* DrawerTransitionManager.swift in Sources */ = {isa = PBXBuildFile; fileRef = D6166C932001759D006024AD /* DrawerTransitionManager.swift */; };
		D6166C96200184C1006024AD /* TransitionManager.swift in Sources */ = {isa = PBXBuildFile; fileRef = D6166C95200184C1006024AD /* TransitionManager.swift */; };
		D6166C98200185EF006024AD /* ACoordinator.swift in Sources */ = {isa = PBXBuildFile; fileRef = D6166C97200185EF006024AD /* ACoordinator.swift */; };
		D6166C9A200185F9006024AD /* BCoordinator.swift in Sources */ = {isa = PBXBuildFile; fileRef = D6166C99200185F9006024AD /* BCoordinator.swift */; };
		D6166C9C20018605006024AD /* CCoordinator.swift in Sources */ = {isa = PBXBuildFile; fileRef = D6166C9B20018605006024AD /* CCoordinator.swift */; };
		D6166CA220018673006024AD /* AViewController.swift in Sources */ = {isa = PBXBuildFile; fileRef = D6166CA020018673006024AD /* AViewController.swift */; };
		D6166CA320018673006024AD /* AViewController.xib in Resources */ = {isa = PBXBuildFile; fileRef = D6166CA120018673006024AD /* AViewController.xib */; };
		D6166CA620018683006024AD /* BViewController.swift in Sources */ = {isa = PBXBuildFile; fileRef = D6166CA420018683006024AD /* BViewController.swift */; };
		D6166CA720018683006024AD /* BViewController.xib in Resources */ = {isa = PBXBuildFile; fileRef = D6166CA520018683006024AD /* BViewController.xib */; };
		D6166CAA2001869A006024AD /* CViewController.swift in Sources */ = {isa = PBXBuildFile; fileRef = D6166CA82001869A006024AD /* CViewController.swift */; };
		D6166CAB2001869A006024AD /* CViewController.xib in Resources */ = {isa = PBXBuildFile; fileRef = D6166CA92001869A006024AD /* CViewController.xib */; };
		D6166CAD200186CC006024AD /* CViewModel.swift in Sources */ = {isa = PBXBuildFile; fileRef = D6166CAC200186CC006024AD /* CViewModel.swift */; };
		D6166CAF200186E0006024AD /* BViewModel.swift in Sources */ = {isa = PBXBuildFile; fileRef = D6166CAE200186E0006024AD /* BViewModel.swift */; };
		D6166CB1200186ED006024AD /* AViewModel.swift in Sources */ = {isa = PBXBuildFile; fileRef = D6166CB0200186ED006024AD /* AViewModel.swift */; };
		D6B907C92006BC3F00C4FAA7 /* DViewController.swift in Sources */ = {isa = PBXBuildFile; fileRef = D6B907C72006BC3F00C4FAA7 /* DViewController.swift */; };
		D6B907CA2006BC3F00C4FAA7 /* DViewController.xib in Resources */ = {isa = PBXBuildFile; fileRef = D6B907C82006BC3F00C4FAA7 /* DViewController.xib */; };
		D6B907CC2006BC4D00C4FAA7 /* DViewModel.swift in Sources */ = {isa = PBXBuildFile; fileRef = D6B907CB2006BC4D00C4FAA7 /* DViewModel.swift */; };
		D6B907D120076E0700C4FAA7 /* EViewController.swift in Sources */ = {isa = PBXBuildFile; fileRef = D6B907CF20076E0700C4FAA7 /* EViewController.swift */; };
		D6B907D220076E0700C4FAA7 /* EViewController.xib in Resources */ = {isa = PBXBuildFile; fileRef = D6B907D020076E0700C4FAA7 /* EViewController.xib */; };
		D6B907D420076E1E00C4FAA7 /* EViewModel.swift in Sources */ = {isa = PBXBuildFile; fileRef = D6B907D320076E1E00C4FAA7 /* EViewModel.swift */; };
		D6B907D820076E4100C4FAA7 /* FViewController.swift in Sources */ = {isa = PBXBuildFile; fileRef = D6B907D620076E4100C4FAA7 /* FViewController.swift */; };
		D6B907D920076E4100C4FAA7 /* FViewController.xib in Resources */ = {isa = PBXBuildFile; fileRef = D6B907D720076E4100C4FAA7 /* FViewController.xib */; };
		D6B907DB20076E4E00C4FAA7 /* FViewModel.swift in Sources */ = {isa = PBXBuildFile; fileRef = D6B907DA20076E4E00C4FAA7 /* FViewModel.swift */; };
		D6B907DD200770A900C4FAA7 /* DCoordinator.swift in Sources */ = {isa = PBXBuildFile; fileRef = D6B907DC200770A900C4FAA7 /* DCoordinator.swift */; };
		D6B907DF200770B200C4FAA7 /* ECoordinator.swift in Sources */ = {isa = PBXBuildFile; fileRef = D6B907DE200770B200C4FAA7 /* ECoordinator.swift */; };
		D6B907E1200770BE00C4FAA7 /* FCoordinator.swift in Sources */ = {isa = PBXBuildFile; fileRef = D6B907E0200770BE00C4FAA7 /* FCoordinator.swift */; };
/* End PBXBuildFile section */

/* Begin PBXFileReference section */
		D6166C6220013B25006024AD /* CoordinatorPatternExample.app */ = {isa = PBXFileReference; explicitFileType = wrapper.application; includeInIndex = 0; path = CoordinatorPatternExample.app; sourceTree = BUILT_PRODUCTS_DIR; };
		D6166C6520013B25006024AD /* AppDelegate.swift */ = {isa = PBXFileReference; lastKnownFileType = sourcecode.swift; path = AppDelegate.swift; sourceTree = "<group>"; };
		D6166C6C20013B25006024AD /* Assets.xcassets */ = {isa = PBXFileReference; lastKnownFileType = folder.assetcatalog; path = Assets.xcassets; sourceTree = "<group>"; };
		D6166C6F20013B25006024AD /* Base */ = {isa = PBXFileReference; lastKnownFileType = file.storyboard; name = Base; path = Base.lproj/LaunchScreen.storyboard; sourceTree = "<group>"; };
		D6166C7120013B25006024AD /* Info.plist */ = {isa = PBXFileReference; lastKnownFileType = text.plist.xml; path = Info.plist; sourceTree = "<group>"; };
		D6166C7920013EC4006024AD /* Coordinating.swift */ = {isa = PBXFileReference; lastKnownFileType = sourcecode.swift; path = Coordinating.swift; sourceTree = "<group>"; };
		D6166C7B20014FE9006024AD /* InitialViewController.swift */ = {isa = PBXFileReference; lastKnownFileType = sourcecode.swift; path = InitialViewController.swift; sourceTree = "<group>"; };
		D6166C7C20014FE9006024AD /* InitialViewController.xib */ = {isa = PBXFileReference; lastKnownFileType = file.xib; path = InitialViewController.xib; sourceTree = "<group>"; };
		D6166C8220015C25006024AD /* InitialCoordinator.swift */ = {isa = PBXFileReference; lastKnownFileType = sourcecode.swift; path = InitialCoordinator.swift; sourceTree = "<group>"; };
		D6166C842001639C006024AD /* InitialViewModel.swift */ = {isa = PBXFileReference; lastKnownFileType = sourcecode.swift; path = InitialViewModel.swift; sourceTree = "<group>"; };
		D6166C872001648F006024AD /* UIResponder+Extension.swift */ = {isa = PBXFileReference; lastKnownFileType = sourcecode.swift; path = "UIResponder+Extension.swift"; sourceTree = "<group>"; };
		D6166C8A20016FBE006024AD /* DrawerViewController.swift */ = {isa = PBXFileReference; lastKnownFileType = sourcecode.swift; path = DrawerViewController.swift; sourceTree = "<group>"; };
		D6166C8B20016FBE006024AD /* DrawerViewController.xib */ = {isa = PBXFileReference; lastKnownFileType = file.xib; path = DrawerViewController.xib; sourceTree = "<group>"; };
		D6166C8E20016FD5006024AD /* DrawerViewModel.swift */ = {isa = PBXFileReference; lastKnownFileType = sourcecode.swift; path = DrawerViewModel.swift; sourceTree = "<group>"; };
		D6166C9020017232006024AD /* DrawerCoordinator.swift */ = {isa = PBXFileReference; lastKnownFileType = sourcecode.swift; path = DrawerCoordinator.swift; sourceTree = "<group>"; };
		D6166C932001759D006024AD /* DrawerTransitionManager.swift */ = {isa = PBXFileReference; lastKnownFileType = sourcecode.swift; path = DrawerTransitionManager.swift; sourceTree = "<group>"; };
		D6166C95200184C1006024AD /* TransitionManager.swift */ = {isa = PBXFileReference; lastKnownFileType = sourcecode.swift; path = TransitionManager.swift; sourceTree = "<group>"; };
		D6166C97200185EF006024AD /* ACoordinator.swift */ = {isa = PBXFileReference; lastKnownFileType = sourcecode.swift; path = ACoordinator.swift; sourceTree = "<group>"; };
		D6166C99200185F9006024AD /* BCoordinator.swift */ = {isa = PBXFileReference; lastKnownFileType = sourcecode.swift; path = BCoordinator.swift; sourceTree = "<group>"; };
		D6166C9B20018605006024AD /* CCoordinator.swift */ = {isa = PBXFileReference; lastKnownFileType = sourcecode.swift; path = CCoordinator.swift; sourceTree = "<group>"; };
		D6166CA020018673006024AD /* AViewController.swift */ = {isa = PBXFileReference; lastKnownFileType = sourcecode.swift; path = AViewController.swift; sourceTree = "<group>"; };
		D6166CA120018673006024AD /* AViewController.xib */ = {isa = PBXFileReference; lastKnownFileType = file.xib; path = AViewController.xib; sourceTree = "<group>"; };
		D6166CA420018683006024AD /* BViewController.swift */ = {isa = PBXFileReference; lastKnownFileType = sourcecode.swift; path = BViewController.swift; sourceTree = "<group>"; };
		D6166CA520018683006024AD /* BViewController.xib */ = {isa = PBXFileReference; lastKnownFileType = file.xib; path = BViewController.xib; sourceTree = "<group>"; };
		D6166CA82001869A006024AD /* CViewController.swift */ = {isa = PBXFileReference; lastKnownFileType = sourcecode.swift; path = CViewController.swift; sourceTree = "<group>"; };
		D6166CA92001869A006024AD /* CViewController.xib */ = {isa = PBXFileReference; lastKnownFileType = file.xib; path = CViewController.xib; sourceTree = "<group>"; };
		D6166CAC200186CC006024AD /* CViewModel.swift */ = {isa = PBXFileReference; lastKnownFileType = sourcecode.swift; path = CViewModel.swift; sourceTree = "<group>"; };
		D6166CAE200186E0006024AD /* BViewModel.swift */ = {isa = PBXFileReference; lastKnownFileType = sourcecode.swift; path = BViewModel.swift; sourceTree = "<group>"; };
		D6166CB0200186ED006024AD /* AViewModel.swift */ = {isa = PBXFileReference; lastKnownFileType = sourcecode.swift; path = AViewModel.swift; sourceTree = "<group>"; };
		D6B907C72006BC3F00C4FAA7 /* DViewController.swift */ = {isa = PBXFileReference; lastKnownFileType = sourcecode.swift; path = DViewController.swift; sourceTree = "<group>"; };
		D6B907C82006BC3F00C4FAA7 /* DViewController.xib */ = {isa = PBXFileReference; lastKnownFileType = file.xib; path = DViewController.xib; sourceTree = "<group>"; };
		D6B907CB2006BC4D00C4FAA7 /* DViewModel.swift */ = {isa = PBXFileReference; lastKnownFileType = sourcecode.swift; path = DViewModel.swift; sourceTree = "<group>"; };
		D6B907CF20076E0700C4FAA7 /* EViewController.swift */ = {isa = PBXFileReference; lastKnownFileType = sourcecode.swift; path = EViewController.swift; sourceTree = "<group>"; };
		D6B907D020076E0700C4FAA7 /* EViewController.xib */ = {isa = PBXFileReference; lastKnownFileType = file.xib; path = EViewController.xib; sourceTree = "<group>"; };
		D6B907D320076E1E00C4FAA7 /* EViewModel.swift */ = {isa = PBXFileReference; lastKnownFileType = sourcecode.swift; path = EViewModel.swift; sourceTree = "<group>"; };
		D6B907D620076E4100C4FAA7 /* FViewController.swift */ = {isa = PBXFileReference; lastKnownFileType = sourcecode.swift; path = FViewController.swift; sourceTree = "<group>"; };
		D6B907D720076E4100C4FAA7 /* FViewController.xib */ = {isa = PBXFileReference; lastKnownFileType = file.xib; path = FViewController.xib; sourceTree = "<group>"; };
		D6B907DA20076E4E00C4FAA7 /* FViewModel.swift */ = {isa = PBXFileReference; lastKnownFileType = sourcecode.swift; path = FViewModel.swift; sourceTree = "<group>"; };
		D6B907DC200770A900C4FAA7 /* DCoordinator.swift */ = {isa = PBXFileReference; lastKnownFileType = sourcecode.swift; path = DCoordinator.swift; sourceTree = "<group>"; };
		D6B907DE200770B200C4FAA7 /* ECoordinator.swift */ = {isa = PBXFileReference; lastKnownFileType = sourcecode.swift; path = ECoordinator.swift; sourceTree = "<group>"; };
		D6B907E0200770BE00C4FAA7 /* FCoordinator.swift */ = {isa = PBXFileReference; lastKnownFileType = sourcecode.swift; path = FCoordinator.swift; sourceTree = "<group>"; };
/* End PBXFileReference section */

/* Begin PBXFrameworksBuildPhase section */
		D6166C5F20013B25006024AD /* Frameworks */ = {
			isa = PBXFrameworksBuildPhase;
			buildActionMask = 2147483647;
			files = (
			);
			runOnlyForDeploymentPostprocessing = 0;
		};
/* End PBXFrameworksBuildPhase section */

/* Begin PBXGroup section */
		D6166C5920013B25006024AD = {
			isa = PBXGroup;
			children = (
				D6166C6420013B25006024AD /* CoordinatorPatternExample */,
				D6166C6320013B25006024AD /* Products */,
			);
			sourceTree = "<group>";
		};
		D6166C6320013B25006024AD /* Products */ = {
			isa = PBXGroup;
			children = (
				D6166C6220013B25006024AD /* CoordinatorPatternExample.app */,
			);
			name = Products;
			sourceTree = "<group>";
		};
		D6166C6420013B25006024AD /* CoordinatorPatternExample */ = {
			isa = PBXGroup;
			children = (
				D6166C6520013B25006024AD /* AppDelegate.swift */,
				D6166C6E20013B25006024AD /* LaunchScreen.storyboard */,
				D6166C7120013B25006024AD /* Info.plist */,
				D6166C8620016473006024AD /* Extensions */,
				D6166C8120015023006024AD /* Resources */,
				D6166C7820013D06006024AD /* ViewControllers */,
				D6166C7720013CFA006024AD /* Coordinators */,
				D6166C922001756D006024AD /* Managers */,
			);
			path = CoordinatorPatternExample;
			sourceTree = "<group>";
		};
		D6166C7720013CFA006024AD /* Coordinators */ = {
			isa = PBXGroup;
			children = (
				D6166C7920013EC4006024AD /* Coordinating.swift */,
				D6166C8220015C25006024AD /* InitialCoordinator.swift */,
				D6166C9020017232006024AD /* DrawerCoordinator.swift */,
				D6166C97200185EF006024AD /* ACoordinator.swift */,
				D6166C99200185F9006024AD /* BCoordinator.swift */,
				D6166C9B20018605006024AD /* CCoordinator.swift */,
				D6B907DC200770A900C4FAA7 /* DCoordinator.swift */,
				D6B907DE200770B200C4FAA7 /* ECoordinator.swift */,
				D6B907E0200770BE00C4FAA7 /* FCoordinator.swift */,
			);
			path = Coordinators;
			sourceTree = "<group>";
		};
		D6166C7820013D06006024AD /* ViewControllers */ = {
			isa = PBXGroup;
			children = (
				D6B907CE20076C9F00C4FAA7 /* F */,
				D6B907CD20076C9800C4FAA7 /* E */,
				D6B907C62006BC2700C4FAA7 /* D */,
				D6166C9F20018652006024AD /* C */,
				D6166C9E2001864E006024AD /* B */,
				D6166C9D20018643006024AD /* A */,
				D6166C8920016FA1006024AD /* Drawer */,
				D6166C7F20014FEE006024AD /* Initial */,
			);
			path = ViewControllers;
			sourceTree = "<group>";
		};
		D6166C7F20014FEE006024AD /* Initial */ = {
			isa = PBXGroup;
			children = (
				D6166C7B20014FE9006024AD /* InitialViewController.swift */,
				D6166C842001639C006024AD /* InitialViewModel.swift */,
				D6166C7C20014FE9006024AD /* InitialViewController.xib */,
			);
			path = Initial;
			sourceTree = "<group>";
		};
		D6166C8120015023006024AD /* Resources */ = {
			isa = PBXGroup;
			children = (
				D6166C6C20013B25006024AD /* Assets.xcassets */,
			);
			path = Resources;
			sourceTree = "<group>";
		};
		D6166C8620016473006024AD /* Extensions */ = {
			isa = PBXGroup;
			children = (
				D6166C872001648F006024AD /* UIResponder+Extension.swift */,
			);
			path = Extensions;
			sourceTree = "<group>";
		};
		D6166C8920016FA1006024AD /* Drawer */ = {
			isa = PBXGroup;
			children = (
				D6166C8A20016FBE006024AD /* DrawerViewController.swift */,
				D6166C8E20016FD5006024AD /* DrawerViewModel.swift */,
				D6166C8B20016FBE006024AD /* DrawerViewController.xib */,
			);
			path = Drawer;
			sourceTree = "<group>";
		};
		D6166C922001756D006024AD /* Managers */ = {
			isa = PBXGroup;
			children = (
				D6166C932001759D006024AD /* DrawerTransitionManager.swift */,
				D6166C95200184C1006024AD /* TransitionManager.swift */,
			);
			path = Managers;
			sourceTree = "<group>";
		};
		D6166C9D20018643006024AD /* A */ = {
			isa = PBXGroup;
			children = (
				D6166CA020018673006024AD /* AViewController.swift */,
				D6166CB0200186ED006024AD /* AViewModel.swift */,
				D6166CA120018673006024AD /* AViewController.xib */,
			);
			path = A;
			sourceTree = "<group>";
		};
		D6166C9E2001864E006024AD /* B */ = {
			isa = PBXGroup;
			children = (
				D6166CA420018683006024AD /* BViewController.swift */,
				D6166CAE200186E0006024AD /* BViewModel.swift */,
				D6166CA520018683006024AD /* BViewController.xib */,
			);
			path = B;
			sourceTree = "<group>";
		};
		D6166C9F20018652006024AD /* C */ = {
			isa = PBXGroup;
			children = (
				D6166CA82001869A006024AD /* CViewController.swift */,
				D6166CAC200186CC006024AD /* CViewModel.swift */,
				D6166CA92001869A006024AD /* CViewController.xib */,
			);
			path = C;
			sourceTree = "<group>";
		};
		D6B907C62006BC2700C4FAA7 /* D */ = {
			isa = PBXGroup;
			children = (
				D6B907C72006BC3F00C4FAA7 /* DViewController.swift */,
				D6B907CB2006BC4D00C4FAA7 /* DViewModel.swift */,
				D6B907C82006BC3F00C4FAA7 /* DViewController.xib */,
			);
			path = D;
			sourceTree = "<group>";
		};
		D6B907CD20076C9800C4FAA7 /* E */ = {
			isa = PBXGroup;
			children = (
				D6B907CF20076E0700C4FAA7 /* EViewController.swift */,
				D6B907D320076E1E00C4FAA7 /* EViewModel.swift */,
				D6B907D020076E0700C4FAA7 /* EViewController.xib */,
			);
			path = E;
			sourceTree = "<group>";
		};
		D6B907CE20076C9F00C4FAA7 /* F */ = {
			isa = PBXGroup;
			children = (
				D6B907D620076E4100C4FAA7 /* FViewController.swift */,
				D6B907DA20076E4E00C4FAA7 /* FViewModel.swift */,
				D6B907D720076E4100C4FAA7 /* FViewController.xib */,
			);
			path = F;
			sourceTree = "<group>";
		};
/* End PBXGroup section */

/* Begin PBXNativeTarget section */
		D6166C6120013B25006024AD /* CoordinatorPatternExample */ = {
			isa = PBXNativeTarget;
			buildConfigurationList = D6166C7420013B25006024AD /* Build configuration list for PBXNativeTarget "CoordinatorPatternExample" */;
			buildPhases = (
				D6166C5E20013B25006024AD /* Sources */,
				D6166C5F20013B25006024AD /* Frameworks */,
				D6166C6020013B25006024AD /* Resources */,
			);
			buildRules = (
			);
			dependencies = (
			);
			name = CoordinatorPatternExample;
			productName = CoordinatorPatternExample;
			productReference = D6166C6220013B25006024AD /* CoordinatorPatternExample.app */;
			productType = "com.apple.product-type.application";
		};
/* End PBXNativeTarget section */

/* Begin PBXProject section */
		D6166C5A20013B25006024AD /* Project object */ = {
			isa = PBXProject;
			attributes = {
				LastSwiftUpdateCheck = 0920;
				LastUpgradeCheck = 0920;
				ORGANIZATIONNAME = "Alexander Stolar";
				TargetAttributes = {
					D6166C6120013B25006024AD = {
						CreatedOnToolsVersion = 9.2;
						ProvisioningStyle = Automatic;
					};
				};
			};
			buildConfigurationList = D6166C5D20013B25006024AD /* Build configuration list for PBXProject "CoordinatorPatternExample" */;
			compatibilityVersion = "Xcode 8.0";
			developmentRegion = en;
			hasScannedForEncodings = 0;
			knownRegions = (
				en,
				Base,
			);
			mainGroup = D6166C5920013B25006024AD;
			productRefGroup = D6166C6320013B25006024AD /* Products */;
			projectDirPath = "";
			projectRoot = "";
			targets = (
				D6166C6120013B25006024AD /* CoordinatorPatternExample */,
			);
		};
/* End PBXProject section */

/* Begin PBXResourcesBuildPhase section */
		D6166C6020013B25006024AD /* Resources */ = {
			isa = PBXResourcesBuildPhase;
			buildActionMask = 2147483647;
			files = (
				D6166CA320018673006024AD /* AViewController.xib in Resources */,
				D6166C7020013B25006024AD /* LaunchScreen.storyboard in Resources */,
				D6166C8D20016FBE006024AD /* DrawerViewController.xib in Resources */,
				D6B907D220076E0700C4FAA7 /* EViewController.xib in Resources */,
				D6166CA720018683006024AD /* BViewController.xib in Resources */,
				D6B907D920076E4100C4FAA7 /* FViewController.xib in Resources */,
				D6166C6D20013B25006024AD /* Assets.xcassets in Resources */,
				D6166C7E20014FE9006024AD /* InitialViewController.xib in Resources */,
				D6166CAB2001869A006024AD /* CViewController.xib in Resources */,
				D6B907CA2006BC3F00C4FAA7 /* DViewController.xib in Resources */,
			);
			runOnlyForDeploymentPostprocessing = 0;
		};
/* End PBXResourcesBuildPhase section */

/* Begin PBXSourcesBuildPhase section */
		D6166C5E20013B25006024AD /* Sources */ = {
			isa = PBXSourcesBuildPhase;
			buildActionMask = 2147483647;
			files = (
				D6166C9C20018605006024AD /* CCoordinator.swift in Sources */,
				D6166CAF200186E0006024AD /* BViewModel.swift in Sources */,
				D6B907DF200770B200C4FAA7 /* ECoordinator.swift in Sources */,
				D6166CA620018683006024AD /* BViewController.swift in Sources */,
				D6B907DB20076E4E00C4FAA7 /* FViewModel.swift in Sources */,
				D6166CAA2001869A006024AD /* CViewController.swift in Sources */,
				D6B907C92006BC3F00C4FAA7 /* DViewController.swift in Sources */,
				D6166C7D20014FE9006024AD /* InitialViewController.swift in Sources */,
				D6166C9120017232006024AD /* DrawerCoordinator.swift in Sources */,
				D6B907CC2006BC4D00C4FAA7 /* DViewModel.swift in Sources */,
				D6166C98200185EF006024AD /* ACoordinator.swift in Sources */,
				D6166CA220018673006024AD /* AViewController.swift in Sources */,
				D6166C8F20016FD5006024AD /* DrawerViewModel.swift in Sources */,
				D6166C9A200185F9006024AD /* BCoordinator.swift in Sources */,
				D6166C852001639C006024AD /* InitialViewModel.swift in Sources */,
				D6166C882001648F006024AD /* UIResponder+Extension.swift in Sources */,
				D6B907E1200770BE00C4FAA7 /* FCoordinator.swift in Sources */,
				D6B907D820076E4100C4FAA7 /* FViewController.swift in Sources */,
				D6166CB1200186ED006024AD /* AViewModel.swift in Sources */,
				D6B907DD200770A900C4FAA7 /* DCoordinator.swift in Sources */,
				D6166C8320015C25006024AD /* InitialCoordinator.swift in Sources */,
				D6166C7A20013EC4006024AD /* Coordinating.swift in Sources */,
				D6166C8C20016FBE006024AD /* DrawerViewController.swift in Sources */,
				D6166C6620013B25006024AD /* AppDelegate.swift in Sources */,
				D6166C942001759D006024AD /* DrawerTransitionManager.swift in Sources */,
				D6B907D420076E1E00C4FAA7 /* EViewModel.swift in Sources */,
				D6166CAD200186CC006024AD /* CViewModel.swift in Sources */,
				D6166C96200184C1006024AD /* TransitionManager.swift in Sources */,
				D6B907D120076E0700C4FAA7 /* EViewController.swift in Sources */,
			);
			runOnlyForDeploymentPostprocessing = 0;
		};
/* End PBXSourcesBuildPhase section */

/* Begin PBXVariantGroup section */
		D6166C6E20013B25006024AD /* LaunchScreen.storyboard */ = {
			isa = PBXVariantGroup;
			children = (
				D6166C6F20013B25006024AD /* Base */,
			);
			name = LaunchScreen.storyboard;
			sourceTree = "<group>";
		};
/* End PBXVariantGroup section */

/* Begin XCBuildConfiguration section */
		D6166C7220013B25006024AD /* Debug */ = {
			isa = XCBuildConfiguration;
			buildSettings = {
				ALWAYS_SEARCH_USER_PATHS = NO;
				CLANG_ANALYZER_NONNULL = YES;
				CLANG_ANALYZER_NUMBER_OBJECT_CONVERSION = YES_AGGRESSIVE;
				CLANG_CXX_LANGUAGE_STANDARD = "gnu++14";
				CLANG_CXX_LIBRARY = "libc++";
				CLANG_ENABLE_MODULES = YES;
				CLANG_ENABLE_OBJC_ARC = YES;
				CLANG_WARN_BLOCK_CAPTURE_AUTORELEASING = YES;
				CLANG_WARN_BOOL_CONVERSION = YES;
				CLANG_WARN_COMMA = YES;
				CLANG_WARN_CONSTANT_CONVERSION = YES;
				CLANG_WARN_DIRECT_OBJC_ISA_USAGE = YES_ERROR;
				CLANG_WARN_DOCUMENTATION_COMMENTS = YES;
				CLANG_WARN_EMPTY_BODY = YES;
				CLANG_WARN_ENUM_CONVERSION = YES;
				CLANG_WARN_INFINITE_RECURSION = YES;
				CLANG_WARN_INT_CONVERSION = YES;
				CLANG_WARN_NON_LITERAL_NULL_CONVERSION = YES;
				CLANG_WARN_OBJC_LITERAL_CONVERSION = YES;
				CLANG_WARN_OBJC_ROOT_CLASS = YES_ERROR;
				CLANG_WARN_RANGE_LOOP_ANALYSIS = YES;
				CLANG_WARN_STRICT_PROTOTYPES = YES;
				CLANG_WARN_SUSPICIOUS_MOVE = YES;
				CLANG_WARN_UNGUARDED_AVAILABILITY = YES_AGGRESSIVE;
				CLANG_WARN_UNREACHABLE_CODE = YES;
				CLANG_WARN__DUPLICATE_METHOD_MATCH = YES;
				CODE_SIGN_IDENTITY = "iPhone Developer";
				COPY_PHASE_STRIP = NO;
				DEBUG_INFORMATION_FORMAT = dwarf;
				ENABLE_STRICT_OBJC_MSGSEND = YES;
				ENABLE_TESTABILITY = YES;
				GCC_C_LANGUAGE_STANDARD = gnu11;
				GCC_DYNAMIC_NO_PIC = NO;
				GCC_NO_COMMON_BLOCKS = YES;
				GCC_OPTIMIZATION_LEVEL = 0;
				GCC_PREPROCESSOR_DEFINITIONS = (
					"DEBUG=1",
					"$(inherited)",
				);
				GCC_WARN_64_TO_32_BIT_CONVERSION = YES;
				GCC_WARN_ABOUT_RETURN_TYPE = YES_ERROR;
				GCC_WARN_UNDECLARED_SELECTOR = YES;
				GCC_WARN_UNINITIALIZED_AUTOS = YES_AGGRESSIVE;
				GCC_WARN_UNUSED_FUNCTION = YES;
				GCC_WARN_UNUSED_VARIABLE = YES;
				IPHONEOS_DEPLOYMENT_TARGET = 11.2;
				MTL_ENABLE_DEBUG_INFO = YES;
				ONLY_ACTIVE_ARCH = YES;
				SDKROOT = iphoneos;
				SWIFT_ACTIVE_COMPILATION_CONDITIONS = DEBUG;
				SWIFT_OPTIMIZATION_LEVEL = "-Onone";
			};
			name = Debug;
		};
		D6166C7320013B25006024AD /* Release */ = {
			isa = XCBuildConfiguration;
			buildSettings = {
				ALWAYS_SEARCH_USER_PATHS = NO;
				CLANG_ANALYZER_NONNULL = YES;
				CLANG_ANALYZER_NUMBER_OBJECT_CONVERSION = YES_AGGRESSIVE;
				CLANG_CXX_LANGUAGE_STANDARD = "gnu++14";
				CLANG_CXX_LIBRARY = "libc++";
				CLANG_ENABLE_MODULES = YES;
				CLANG_ENABLE_OBJC_ARC = YES;
				CLANG_WARN_BLOCK_CAPTURE_AUTORELEASING = YES;
				CLANG_WARN_BOOL_CONVERSION = YES;
				CLANG_WARN_COMMA = YES;
				CLANG_WARN_CONSTANT_CONVERSION = YES;
				CLANG_WARN_DIRECT_OBJC_ISA_USAGE = YES_ERROR;
				CLANG_WARN_DOCUMENTATION_COMMENTS = YES;
				CLANG_WARN_EMPTY_BODY = YES;
				CLANG_WARN_ENUM_CONVERSION = YES;
				CLANG_WARN_INFINITE_RECURSION = YES;
				CLANG_WARN_INT_CONVERSION = YES;
				CLANG_WARN_NON_LITERAL_NULL_CONVERSION = YES;
				CLANG_WARN_OBJC_LITERAL_CONVERSION = YES;
				CLANG_WARN_OBJC_ROOT_CLASS = YES_ERROR;
				CLANG_WARN_RANGE_LOOP_ANALYSIS = YES;
				CLANG_WARN_STRICT_PROTOTYPES = YES;
				CLANG_WARN_SUSPICIOUS_MOVE = YES;
				CLANG_WARN_UNGUARDED_AVAILABILITY = YES_AGGRESSIVE;
				CLANG_WARN_UNREACHABLE_CODE = YES;
				CLANG_WARN__DUPLICATE_METHOD_MATCH = YES;
				CODE_SIGN_IDENTITY = "iPhone Developer";
				COPY_PHASE_STRIP = NO;
				DEBUG_INFORMATION_FORMAT = "dwarf-with-dsym";
				ENABLE_NS_ASSERTIONS = NO;
				ENABLE_STRICT_OBJC_MSGSEND = YES;
				GCC_C_LANGUAGE_STANDARD = gnu11;
				GCC_NO_COMMON_BLOCKS = YES;
				GCC_WARN_64_TO_32_BIT_CONVERSION = YES;
				GCC_WARN_ABOUT_RETURN_TYPE = YES_ERROR;
				GCC_WARN_UNDECLARED_SELECTOR = YES;
				GCC_WARN_UNINITIALIZED_AUTOS = YES_AGGRESSIVE;
				GCC_WARN_UNUSED_FUNCTION = YES;
				GCC_WARN_UNUSED_VARIABLE = YES;
				IPHONEOS_DEPLOYMENT_TARGET = 11.2;
				MTL_ENABLE_DEBUG_INFO = NO;
				SDKROOT = iphoneos;
				SWIFT_OPTIMIZATION_LEVEL = "-Owholemodule";
				VALIDATE_PRODUCT = YES;
			};
			name = Release;
		};
		D6166C7520013B25006024AD /* Debug */ = {
			isa = XCBuildConfiguration;
			buildSettings = {
				ASSETCATALOG_COMPILER_APPICON_NAME = AppIcon;
				CODE_SIGN_STYLE = Automatic;
				DEVELOPMENT_TEAM = CH748L7MFS;
				INFOPLIST_FILE = CoordinatorPatternExample/Info.plist;
				LD_RUNPATH_SEARCH_PATHS = "$(inherited) @executable_path/Frameworks";
				PRODUCT_BUNDLE_IDENTIFIER = SaszaCorp.CoordinatorPatternExample;
				PRODUCT_NAME = "$(TARGET_NAME)";
				SWIFT_VERSION = 4.0;
				TARGETED_DEVICE_FAMILY = "1,2";
			};
			name = Debug;
		};
		D6166C7620013B25006024AD /* Release */ = {
			isa = XCBuildConfiguration;
			buildSettings = {
				ASSETCATALOG_COMPILER_APPICON_NAME = AppIcon;
				CODE_SIGN_STYLE = Automatic;
				DEVELOPMENT_TEAM = CH748L7MFS;
				INFOPLIST_FILE = CoordinatorPatternExample/Info.plist;
				LD_RUNPATH_SEARCH_PATHS = "$(inherited) @executable_path/Frameworks";
				PRODUCT_BUNDLE_IDENTIFIER = SaszaCorp.CoordinatorPatternExample;
				PRODUCT_NAME = "$(TARGET_NAME)";
				SWIFT_VERSION = 4.0;
				TARGETED_DEVICE_FAMILY = "1,2";
			};
			name = Release;
		};
/* End XCBuildConfiguration section */

/* Begin XCConfigurationList section */
		D6166C5D20013B25006024AD /* Build configuration list for PBXProject "CoordinatorPatternExample" */ = {
			isa = XCConfigurationList;
			buildConfigurations = (
				D6166C7220013B25006024AD /* Debug */,
				D6166C7320013B25006024AD /* Release */,
			);
			defaultConfigurationIsVisible = 0;
			defaultConfigurationName = Release;
		};
		D6166C7420013B25006024AD /* Build configuration list for PBXNativeTarget "CoordinatorPatternExample" */ = {
			isa = XCConfigurationList;
			buildConfigurations = (
				D6166C7520013B25006024AD /* Debug */,
				D6166C7620013B25006024AD /* Release */,
			);
			defaultConfigurationIsVisible = 0;
			defaultConfigurationName = Release;
		};
/* End XCConfigurationList section */
	};
	rootObject = D6166C5A20013B25006024AD /* Project object */;
}
